
Microsoft Visual Studio Solution File, Format Version 12.00
# Visual Studio Version 16
VisualStudioVersion = 16.0.32106.194
MinimumVisualStudioVersion = 10.0.40219.1
Project("{FAE04EC0-301F-11D3-BF4B-00C04F79EFBC}") = "WebApplicationEmployees", "WebApplicationEmployees\WebApplicationEmployees.csproj", "{9DB2C8F9-4F7C-4A06-A04F-9C01E353554A}"
EndProject
Global
	GlobalSection(SolutionConfigurationPlatforms) = preSolution
		Debug|Any CPU = Debug|Any CPU
		Release|Any CPU = Release|Any CPU
	EndGlobalSection
	GlobalSection(ProjectConfigurationPlatforms) = postSolution
		{9DB2C8F9-4F7C-4A06-A04F-9C01E353554A}.Debug|Any CPU.ActiveCfg = Debug|Any CPU
		{9DB2C8F9-4F7C-4A06-A04F-9C01E353554A}.Debug|Any CPU.Build.0 = Debug|Any CPU
		{9DB2C8F9-4F7C-4A06-A04F-9C01E353554A}.Release|Any CPU.ActiveCfg = Release|Any CPU
		{9DB2C8F9-4F7C-4A06-A04F-9C01E353554A}.Release|Any CPU.Build.0 = Release|Any CPU
	EndGlobalSection
	GlobalSection(SolutionProperties) = preSolution
		HideSolutionNode = FALSE
	EndGlobalSection
	GlobalSection(ExtensibilityGlobals) = postSolution
		SolutionGuid = {48FEE200-2160-457B-8F28-1A4511DC88C1}
	EndGlobalSection
EndGlobal
